{
  "requires": true,
  "lockfileVersion": 1,
  "dependencies": {
    "zuck.js": {
      "version": "1.6.0",
      "resolved": "https://registry.npmjs.org/zuck.js/-/zuck.js-1.6.0.tgz",
      "integrity": "sha512-3qmtPkymsnIC1ekjzqwfSpqrVEMU6KMovQOB+Hj+LuykxtcsQcOfhRJDgyOJvA15NC6PYhiBJQTDO2N1XCCH6Q=="
    }
  }
}
